
Microsoft Visual Studio Solution File, Format Version 12.00
# Visual Studio 14
VisualStudioVersion = 14.0.25420.1
MinimumVisualStudioVersion = 10.0.40219.1
Project("{FAE04EC0-301F-11D3-BF4B-00C04F79EFBC}") = "PatientData", "PatientData\PatientData.csproj", "{D63028CD-023E-4707-9C8D-E01E8D4280F4}"
EndProject
Project("{FAE04EC0-301F-11D3-BF4B-00C04F79EFBC}") = "CrossClient", "CrossClient\CrossClient.csproj", "{BDD63AD6-A0AD-43D0-953C-69AB5521A41A}"
EndProject
Project("{FAE04EC0-301F-11D3-BF4B-00C04F79EFBC}") = "Spa", "Spa\Spa.csproj", "{20B8B310-E551-4330-98E9-41726308C464}"
EndProject
Global
	GlobalSection(SolutionConfigurationPlatforms) = preSolution
		Debug|Any CPU = Debug|Any CPU
		Release|Any CPU = Release|Any CPU
	EndGlobalSection
	GlobalSection(ProjectConfigurationPlatforms) = postSolution
		{D63028CD-023E-4707-9C8D-E01E8D4280F4}.Debug|Any CPU.ActiveCfg = Debug|Any CPU
		{D63028CD-023E-4707-9C8D-E01E8D4280F4}.Debug|Any CPU.Build.0 = Debug|Any CPU
		{D63028CD-023E-4707-9C8D-E01E8D4280F4}.Release|Any CPU.ActiveCfg = Release|Any CPU
		{D63028CD-023E-4707-9C8D-E01E8D4280F4}.Release|Any CPU.Build.0 = Release|Any CPU
		{BDD63AD6-A0AD-43D0-953C-69AB5521A41A}.Debug|Any CPU.ActiveCfg = Debug|Any CPU
		{BDD63AD6-A0AD-43D0-953C-69AB5521A41A}.Debug|Any CPU.Build.0 = Debug|Any CPU
		{BDD63AD6-A0AD-43D0-953C-69AB5521A41A}.Release|Any CPU.ActiveCfg = Release|Any CPU
		{BDD63AD6-A0AD-43D0-953C-69AB5521A41A}.Release|Any CPU.Build.0 = Release|Any CPU
		{20B8B310-E551-4330-98E9-41726308C464}.Debug|Any CPU.ActiveCfg = Debug|Any CPU
		{20B8B310-E551-4330-98E9-41726308C464}.Debug|Any CPU.Build.0 = Debug|Any CPU
		{20B8B310-E551-4330-98E9-41726308C464}.Release|Any CPU.ActiveCfg = Release|Any CPU
		{20B8B310-E551-4330-98E9-41726308C464}.Release|Any CPU.Build.0 = Release|Any CPU
	EndGlobalSection
	GlobalSection(SolutionProperties) = preSolution
		HideSolutionNode = FALSE
	EndGlobalSection
EndGlobal
